
Microsoft Visual Studio Solution File, Format Version 12.00
# Visual Studio Version 17
VisualStudioVersion = 17.9.34728.123
MinimumVisualStudioVersion = 10.0.40219.1
Project("{FAE04EC0-301F-11D3-BF4B-00C04F79EFBC}") = "Stock", "StockSale\Stock.csproj", "{60ADD01C-039D-4ACE-8A87-44FB8B251B04}"
EndProject
Project("{FAE04EC0-301F-11D3-BF4B-00C04F79EFBC}") = "Sale", "Sale\Sale.csproj", "{83B7F873-CAFE-43C8-915A-411CEAB85846}"
EndProject
Global
	GlobalSection(SolutionConfigurationPlatforms) = preSolution
		Debug|Any CPU = Debug|Any CPU
		Release|Any CPU = Release|Any CPU
	EndGlobalSection
	GlobalSection(ProjectConfigurationPlatforms) = postSolution
		{60ADD01C-039D-4ACE-8A87-44FB8B251B04}.Debug|Any CPU.ActiveCfg = Debug|Any CPU
		{60ADD01C-039D-4ACE-8A87-44FB8B251B04}.Debug|Any CPU.Build.0 = Debug|Any CPU
		{60ADD01C-039D-4ACE-8A87-44FB8B251B04}.Release|Any CPU.ActiveCfg = Release|Any CPU
		{60ADD01C-039D-4ACE-8A87-44FB8B251B04}.Release|Any CPU.Build.0 = Release|Any CPU
		{83B7F873-CAFE-43C8-915A-411CEAB85846}.Debug|Any CPU.ActiveCfg = Debug|Any CPU
		{83B7F873-CAFE-43C8-915A-411CEAB85846}.Debug|Any CPU.Build.0 = Debug|Any CPU
		{83B7F873-CAFE-43C8-915A-411CEAB85846}.Release|Any CPU.ActiveCfg = Release|Any CPU
		{83B7F873-CAFE-43C8-915A-411CEAB85846}.Release|Any CPU.Build.0 = Release|Any CPU
	EndGlobalSection
	GlobalSection(SolutionProperties) = preSolution
		HideSolutionNode = FALSE
	EndGlobalSection
	GlobalSection(ExtensibilityGlobals) = postSolution
		SolutionGuid = {FC8A21C1-C656-453A-A1A3-1DBF5DDE7273}
	EndGlobalSection
EndGlobal
